
Microsoft Visual Studio Solution File, Format Version 12.00
# Visual Studio Version 17
VisualStudioVersion = 17.9.34622.214
MinimumVisualStudioVersion = 10.0.40219.1
Project("{9A19103F-16F7-4668-BE54-9A1E7A4F7556}") = "DailyMenu", "DailyMenu\DailyMenu.csproj", "{BF2D1923-EB1A-4E92-A1EB-7E6F3E81E3E4}"
EndProject
Project("{9A19103F-16F7-4668-BE54-9A1E7A4F7556}") = "LocalUtilities", "_lib\LocalUtilities\LocalUtilities.csproj", "{425D9979-55E1-4566-B2F1-DA9003DF3508}"
EndProject
Global
	GlobalSection(SolutionConfigurationPlatforms) = preSolution
		Debug|Any CPU = Debug|Any CPU
		Release|Any CPU = Release|Any CPU
	EndGlobalSection
	GlobalSection(ProjectConfigurationPlatforms) = postSolution
		{BF2D1923-EB1A-4E92-A1EB-7E6F3E81E3E4}.Debug|Any CPU.ActiveCfg = Debug|Any CPU
		{BF2D1923-EB1A-4E92-A1EB-7E6F3E81E3E4}.Debug|Any CPU.Build.0 = Debug|Any CPU
		{BF2D1923-EB1A-4E92-A1EB-7E6F3E81E3E4}.Release|Any CPU.ActiveCfg = Release|Any CPU
		{BF2D1923-EB1A-4E92-A1EB-7E6F3E81E3E4}.Release|Any CPU.Build.0 = Release|Any CPU
		{425D9979-55E1-4566-B2F1-DA9003DF3508}.Debug|Any CPU.ActiveCfg = Debug|Any CPU
		{425D9979-55E1-4566-B2F1-DA9003DF3508}.Debug|Any CPU.Build.0 = Debug|Any CPU
		{425D9979-55E1-4566-B2F1-DA9003DF3508}.Release|Any CPU.ActiveCfg = Release|Any CPU
		{425D9979-55E1-4566-B2F1-DA9003DF3508}.Release|Any CPU.Build.0 = Release|Any CPU
	EndGlobalSection
	GlobalSection(SolutionProperties) = preSolution
		HideSolutionNode = FALSE
	EndGlobalSection
	GlobalSection(ExtensibilityGlobals) = postSolution
		SolutionGuid = {25B5B6E5-1844-4AF0-AC8C-3D97A54F8B65}
	EndGlobalSection
EndGlobal
